{
    "_meta": {
        "hash": {
            "sha256": "83fcf63f6e8d2ee0557a67208c1a0394c4a58b4e0f3f8fc2b42307d95b2a03c3"
        },
        "pipfile-spec": 6,
        "requires": {
            "python_version": "3.6"
        },
        "sources": [
            {
                "name": "pypi",
                "url": "https://pypi.org/simple",
                "verify_ssl": true
            }
        ]
    },
    "default": {
        "enum34": {
            "hashes": [
                "sha256:2d81cbbe0e73112bdfe6ef8576f2238f2ba27dd0d55752a776c41d38b7da2850",
                "sha256:644837f692e5f550741432dd3f223bbb9852018674981b1664e5dc339387588a",
                "sha256:6bd0f6ad48ec2aa117d3d141940d484deccda84d4fcd884f5c3d93c23ecd8c79",
                "sha256:8ad8c4783bf61ded74527bffb48ed9b54166685e4230386a9ed9b1279e2df5b1"
            ],
            "version": "==1.1.6"
        },
        "exif": {
            "hashes": [
                "sha256:108236768be2d68cbe5b41297dc67a3d5dcb2afcbbe1de84fc046f4e00f04ca0",
                "sha256:ae41ed65cd3d51dafb0e8adccc1280fc39d8c27bdffd0581417b1e89352794a7"
            ],
            "index": "pypi",
            "version": "==0.8.1"
        },
        "msgpack": {
            "hashes": [
                "sha256:0cc7ca04e575ba34fea7cfcd76039f55def570e6950e4155a4174368142c8e1b",
                "sha256:187794cd1eb73acccd528247e3565f6760bd842d7dc299241f830024a7dd5610",
                "sha256:1904b7cb65342d0998b75908304a03cb004c63ef31e16c8c43fee6b989d7f0d7",
                "sha256:229a0ccdc39e9b6c6d1033cd8aecd9c296823b6c87f0de3943c59b8bc7c64bee",
                "sha256:24149a75643aeaa81ece4259084d11b792308a6cf74e796cbb35def94c89a25a",
                "sha256:30b88c47e0cdb6062daed88ca283b0d84fa0d2ad6c273aa0788152a1c643e408",
                "sha256:32fea0ea3cd1ef820286863a6202dcfd62a539b8ec3edcbdff76068a8c2cc6ce",
                "sha256:355f7fd0f90134229eaeefaee3cf42e0afc8518e8f3cd4b25f541a7104dcb8f9",
                "sha256:4abdb88a9b67e64810fb54b0c24a1fd76b12297b4f7a1467d85a14dd8367191a",
                "sha256:757bd71a9b89e4f1db0622af4436d403e742506dbea978eba566815dc65ec895",
                "sha256:76df51492bc6fa6cc8b65d09efdb67cbba3cbfe55004c3afc81352af92b4a43c",
                "sha256:774f5edc3475917cd95fe593e625d23d8580f9b48b570d8853d06cac171cd170",
                "sha256:8a3ada8401736df2bf497f65589293a86c56e197a80ae7634ec2c3150a2f5082",
                "sha256:a06efd0482a1942aad209a6c18321b5e22d64eb531ea20af138b28172d8f35ba",
                "sha256:b24afc52e18dccc8c175de07c1d680bdf315844566f4952b5bedb908894bec79",
                "sha256:b8b4bd3dafc7b92608ae5462add1c8cc881851c2d4f5d8977fdea5b081d17f21",
                "sha256:c6e5024fc0cdf7f83b6624850309ddd7e06c48a75fa0d1c5173de4d93300eb19",
                "sha256:db7ff14abc73577b0bcbcf73ecff97d3580ecaa0fc8724babce21fdf3fe08ef6",
                "sha256:dedf54d72d9e7b6d043c244c8213fe2b8bbfe66874b9a65b39c4cc892dd99dd4",
                "sha256:ea3c2f859346fcd55fc46e96885301d9c2f7a36d453f5d8f2967840efa1e1830",
                "sha256:f0f47bafe9c9b8ed03e19a100a743662dd8c6d0135e684feea720a0d0046d116"
            ],
            "version": "==0.6.2"
        },
        "neovim": {
            "hashes": [
                "sha256:a6a0e7a5b4433bf4e6ddcbc5c5ff44170be7d84259d002b8e8d8fb4ee78af60f"
            ],
            "index": "pypi",
            "version": "==0.3.1"
        },
        "piexif": {
            "hashes": [
                "sha256:3bc435d171720150b81b15d27e05e54b8abbde7b4242cddd81ef160d283108b6",
                "sha256:83cb35c606bf3a1ea1a8f0a25cb42cf17e24353fd82e87ae3884e74a302a5f1b"
            ],
            "index": "pypi",
            "version": "==1.1.3"
        },
        "pynvim": {
            "hashes": [
                "sha256:71fd8bb3285deeda8c259383066214e0d522a96bfb3ca4871333adfcb454e9d6"
            ],
            "version": "==0.4.0"
        },
        "tqdm": {
            "hashes": [
                "sha256:4789ccbb6fc122b5a6a85d512e4e41fc5acad77216533a6f2b8ce51e0f265c23",
                "sha256:efab950cf7cc1e4d8ee50b2bb9c8e4a89f8307b49e0b2c9cfef3ec4ca26655eb"
            ],
            "index": "pypi",
            "version": "==4.41.1"
        }
    },
    "develop": {}
}
